
Microsoft Visual Studio Solution File, Format Version 12.00
# Visual Studio Version 17
VisualStudioVersion = 17.5.33516.290
MinimumVisualStudioVersion = 10.0.40219.1
Project("{FAE04EC0-301F-11D3-BF4B-00C04F79EFBC}") = "ApiAngular", "ApiAngular.csproj", "{B4253679-B9AF-4151-8F74-AFA8E195BC42}"
EndProject
Global
	GlobalSection(SolutionConfigurationPlatforms) = preSolution
		Debug|Any CPU = Debug|Any CPU
		Release|Any CPU = Release|Any CPU
	EndGlobalSection
	GlobalSection(ProjectConfigurationPlatforms) = postSolution
		{B4253679-B9AF-4151-8F74-AFA8E195BC42}.Debug|Any CPU.ActiveCfg = Debug|Any CPU
		{B4253679-B9AF-4151-8F74-AFA8E195BC42}.Debug|Any CPU.Build.0 = Debug|Any CPU
		{B4253679-B9AF-4151-8F74-AFA8E195BC42}.Release|Any CPU.ActiveCfg = Release|Any CPU
		{B4253679-B9AF-4151-8F74-AFA8E195BC42}.Release|Any CPU.Build.0 = Release|Any CPU
	EndGlobalSection
	GlobalSection(SolutionProperties) = preSolution
		HideSolutionNode = FALSE
	EndGlobalSection
	GlobalSection(ExtensibilityGlobals) = postSolution
		SolutionGuid = {3179502D-345E-45E1-B07E-5C00B42D3879}
	EndGlobalSection
EndGlobal
